// !$*UTF8*$!
{
	archiveVersion = 1;
	classes = {
	};
	objectVersion = 50;
	objects = {

/* Begin PBXBuildFile section */
		2B14D52F2132E2B500181629 /* AppDelegate.swift in Sources */ = {isa = PBXBuildFile; fileRef = 2B14D52E2132E2B500181629 /* AppDelegate.swift */; };
		2B14D5312132E2B500181629 /* ViewController.swift in Sources */ = {isa = PBXBuildFile; fileRef = 2B14D5302132E2B500181629 /* ViewController.swift */; };
		2B14D5342132E2B500181629 /* Main.storyboard in Resources */ = {isa = PBXBuildFile; fileRef = 2B14D5322132E2B500181629 /* Main.storyboard */; };
		2B14D5362132E2B800181629 /* Assets.xcassets in Resources */ = {isa = PBXBuildFile; fileRef = 2B14D5352132E2B800181629 /* Assets.xcassets */; };
		2B14D5392132E2B800181629 /* LaunchScreen.storyboard in Resources */ = {isa = PBXBuildFile; fileRef = 2B14D5372132E2B800181629 /* LaunchScreen.storyboard */; };
		2B66C1C1213412ED001FBF6E /* URLHelper.swift in Sources */ = {isa = PBXBuildFile; fileRef = 2B66C1C0213412EC001FBF6E /* URLHelper.swift */; };
		2BACE4612133243400E27BFB /* KamoteTableViewCell.swift in Sources */ = {isa = PBXBuildFile; fileRef = 2BACE45F2133243400E27BFB /* KamoteTableViewCell.swift */; };
		2BACE4622133243400E27BFB /* KamoteTableViewCell.xib in Resources */ = {isa = PBXBuildFile; fileRef = 2BACE4602133243400E27BFB /* KamoteTableViewCell.xib */; };
/* End PBXBuildFile section */

/* Begin PBXFileReference section */
		2B14D52B2132E2B500181629 /* ToPisoX.app */ = {isa = PBXFileReference; explicitFileType = wrapper.application; includeInIndex = 0; path = ToPisoX.app; sourceTree = BUILT_PRODUCTS_DIR; };
		2B14D52E2132E2B500181629 /* AppDelegate.swift */ = {isa = PBXFileReference; lastKnownFileType = sourcecode.swift; path = AppDelegate.swift; sourceTree = "<group>"; };
		2B14D5302132E2B500181629 /* ViewController.swift */ = {isa = PBXFileReference; lastKnownFileType = sourcecode.swift; path = ViewController.swift; sourceTree = "<group>"; };
		2B14D5332132E2B500181629 /* Base */ = {isa = PBXFileReference; lastKnownFileType = file.storyboard; name = Base; path = Base.lproj/Main.storyboard; sourceTree = "<group>"; };
		2B14D5352132E2B800181629 /* Assets.xcassets */ = {isa = PBXFileReference; lastKnownFileType = folder.assetcatalog; path = Assets.xcassets; sourceTree = "<group>"; };
		2B14D5382132E2B800181629 /* Base */ = {isa = PBXFileReference; lastKnownFileType = file.storyboard; name = Base; path = Base.lproj/LaunchScreen.storyboard; sourceTree = "<group>"; };
		2B14D53A2132E2B800181629 /* Info.plist */ = {isa = PBXFileReference; lastKnownFileType = text.plist.xml; path = Info.plist; sourceTree = "<group>"; };
		2B66C1C0213412EC001FBF6E /* URLHelper.swift */ = {isa = PBXFileReference; lastKnownFileType = sourcecode.swift; path = URLHelper.swift; sourceTree = "<group>"; };
		2BACE45F2133243400E27BFB /* KamoteTableViewCell.swift */ = {isa = PBXFileReference; lastKnownFileType = sourcecode.swift; path = KamoteTableViewCell.swift; sourceTree = "<group>"; };
		2BACE4602133243400E27BFB /* KamoteTableViewCell.xib */ = {isa = PBXFileReference; lastKnownFileType = file.xib; path = KamoteTableViewCell.xib; sourceTree = "<group>"; };
/* End PBXFileReference section */

/* Begin PBXFrameworksBuildPhase section */
		2B14D5282132E2B500181629 /* Frameworks */ = {
			isa = PBXFrameworksBuildPhase;
			buildActionMask = 2147483647;
			files = (
			);
			runOnlyForDeploymentPostprocessing = 0;
		};
/* End PBXFrameworksBuildPhase section */

/* Begin PBXGroup section */
		2B14D5222132E2B500181629 = {
			isa = PBXGroup;
			children = (
				2B14D52D2132E2B500181629 /* ToPisoX */,
				2B14D52C2132E2B500181629 /* Products */,
			);
			sourceTree = "<group>";
		};
		2B14D52C2132E2B500181629 /* Products */ = {
			isa = PBXGroup;
			children = (
				2B14D52B2132E2B500181629 /* ToPisoX.app */,
			);
			name = Products;
			sourceTree = "<group>";
		};
		2B14D52D2132E2B500181629 /* ToPisoX */ = {
			isa = PBXGroup;
			children = (
				2B66C1BF213412D8001FBF6E /* DB */,
				2BACE4542133110800E27BFB /* CustomCell */,
				2B14D52E2132E2B500181629 /* AppDelegate.swift */,
				2B14D5302132E2B500181629 /* ViewController.swift */,
				2B14D5322132E2B500181629 /* Main.storyboard */,
				2B14D5352132E2B800181629 /* Assets.xcassets */,
				2B14D5372132E2B800181629 /* LaunchScreen.storyboard */,
				2B14D53A2132E2B800181629 /* Info.plist */,
			);
			path = ToPisoX;
			sourceTree = "<group>";
		};
		2B66C1BF213412D8001FBF6E /* DB */ = {
			isa = PBXGroup;
			children = (
				2B66C1C0213412EC001FBF6E /* URLHelper.swift */,
			);
			path = DB;
			sourceTree = "<group>";
		};
		2BACE4542133110800E27BFB /* CustomCell */ = {
			isa = PBXGroup;
			children = (
				2BACE45F2133243400E27BFB /* KamoteTableViewCell.swift */,
				2BACE4602133243400E27BFB /* KamoteTableViewCell.xib */,
			);
			path = CustomCell;
			sourceTree = "<group>";
		};
/* End PBXGroup section */

/* Begin PBXNativeTarget section */
		2B14D52A2132E2B500181629 /* ToPisoX */ = {
			isa = PBXNativeTarget;
			buildConfigurationList = 2B14D53D2132E2B800181629 /* Build configuration list for PBXNativeTarget "ToPisoX" */;
			buildPhases = (
				2B14D5272132E2B500181629 /* Sources */,
				2B14D5282132E2B500181629 /* Frameworks */,
				2B14D5292132E2B500181629 /* Resources */,
			);
			buildRules = (
			);
			dependencies = (
			);
			name = ToPisoX;
			productName = ToPisoX;
			productReference = 2B14D52B2132E2B500181629 /* ToPisoX.app */;
			productType = "com.apple.product-type.application";
		};
/* End PBXNativeTarget section */

/* Begin PBXProject section */
		2B14D5232132E2B500181629 /* Project object */ = {
			isa = PBXProject;
			attributes = {
				LastSwiftUpdateCheck = 0940;
				LastUpgradeCheck = 0940;
				ORGANIZATIONNAME = private;
				TargetAttributes = {
					2B14D52A2132E2B500181629 = {
						CreatedOnToolsVersion = 9.4.1;
					};
				};
			};
			buildConfigurationList = 2B14D5262132E2B500181629 /* Build configuration list for PBXProject "ToPisoX" */;
			compatibilityVersion = "Xcode 9.3";
			developmentRegion = en;
			hasScannedForEncodings = 0;
			knownRegions = (
				en,
				Base,
			);
			mainGroup = 2B14D5222132E2B500181629;
			productRefGroup = 2B14D52C2132E2B500181629 /* Products */;
			projectDirPath = "";
			projectRoot = "";
			targets = (
				2B14D52A2132E2B500181629 /* ToPisoX */,
			);
		};
/* End PBXProject section */

/* Begin PBXResourcesBuildPhase section */
		2B14D5292132E2B500181629 /* Resources */ = {
			isa = PBXResourcesBuildPhase;
			buildActionMask = 2147483647;
			files = (
				2BACE4622133243400E27BFB /* KamoteTableViewCell.xib in Resources */,
				2B14D5392132E2B800181629 /* LaunchScreen.storyboard in Resources */,
				2B14D5362132E2B800181629 /* Assets.xcassets in Resources */,
				2B14D5342132E2B500181629 /* Main.storyboard in Resources */,
			);
			runOnlyForDeploymentPostprocessing = 0;
		};
/* End PBXResourcesBuildPhase section */

/* Begin PBXSourcesBuildPhase section */
		2B14D5272132E2B500181629 /* Sources */ = {
			isa = PBXSourcesBuildPhase;
			buildActionMask = 2147483647;
			files = (
				2BACE4612133243400E27BFB /* KamoteTableViewCell.swift in Sources */,
				2B66C1C1213412ED001FBF6E /* URLHelper.swift in Sources */,
				2B14D5312132E2B500181629 /* ViewController.swift in Sources */,
				2B14D52F2132E2B500181629 /* AppDelegate.swift in Sources */,
			);
			runOnlyForDeploymentPostprocessing = 0;
		};
/* End PBXSourcesBuildPhase section */

/* Begin PBXVariantGroup section */
		2B14D5322132E2B500181629 /* Main.storyboard */ = {
			isa = PBXVariantGroup;
			children = (
				2B14D5332132E2B500181629 /* Base */,
			);
			name = Main.storyboard;
			sourceTree = "<group>";
		};
		2B14D5372132E2B800181629 /* LaunchScreen.storyboard */ = {
			isa = PBXVariantGroup;
			children = (
				2B14D5382132E2B800181629 /* Base */,
			);
			name = LaunchScreen.storyboard;
			sourceTree = "<group>";
		};
/* End PBXVariantGroup section */

/* Begin XCBuildConfiguration section */
		2B14D53B2132E2B800181629 /* Debug */ = {
			isa = XCBuildConfiguration;
			buildSettings = {
				ALWAYS_SEARCH_USER_PATHS = NO;
				CLANG_ANALYZER_NONNULL = YES;
				CLANG_ANALYZER_NUMBER_OBJECT_CONVERSION = YES_AGGRESSIVE;
				CLANG_CXX_LANGUAGE_STANDARD = "gnu++14";
				CLANG_CXX_LIBRARY = "libc++";
				CLANG_ENABLE_MODULES = YES;
				CLANG_ENABLE_OBJC_ARC = YES;
				CLANG_ENABLE_OBJC_WEAK = YES;
				CLANG_WARN_BLOCK_CAPTURE_AUTORELEASING = YES;
				CLANG_WARN_BOOL_CONVERSION = YES;
				CLANG_WARN_COMMA = YES;
				CLANG_WARN_CONSTANT_CONVERSION = YES;
				CLANG_WARN_DEPRECATED_OBJC_IMPLEMENTATIONS = YES;
				CLANG_WARN_DIRECT_OBJC_ISA_USAGE = YES_ERROR;
				CLANG_WARN_DOCUMENTATION_COMMENTS = YES;
				CLANG_WARN_EMPTY_BODY = YES;
				CLANG_WARN_ENUM_CONVERSION = YES;
				CLANG_WARN_INFINITE_RECURSION = YES;
				CLANG_WARN_INT_CONVERSION = YES;
				CLANG_WARN_NON_LITERAL_NULL_CONVERSION = YES;
				CLANG_WARN_OBJC_IMPLICIT_RETAIN_SELF = YES;
				CLANG_WARN_OBJC_LITERAL_CONVERSION = YES;
				CLANG_WARN_OBJC_ROOT_CLASS = YES_ERROR;
				CLANG_WARN_RANGE_LOOP_ANALYSIS = YES;
				CLANG_WARN_STRICT_PROTOTYPES = YES;
				CLANG_WARN_SUSPICIOUS_MOVE = YES;
				CLANG_WARN_UNGUARDED_AVAILABILITY = YES_AGGRESSIVE;
				CLANG_WARN_UNREACHABLE_CODE = YES;
				CLANG_WARN__DUPLICATE_METHOD_MATCH = YES;
				CODE_SIGN_IDENTITY = "iPhone Developer";
				COPY_PHASE_STRIP = NO;
				DEBUG_INFORMATION_FORMAT = dwarf;
				ENABLE_STRICT_OBJC_MSGSEND = YES;
				ENABLE_TESTABILITY = YES;
				GCC_C_LANGUAGE_STANDARD = gnu11;
				GCC_DYNAMIC_NO_PIC = NO;
				GCC_NO_COMMON_BLOCKS = YES;
				GCC_OPTIMIZATION_LEVEL = 0;
				GCC_PREPROCESSOR_DEFINITIONS = (
					"DEBUG=1",
					"$(inherited)",
				);
				GCC_WARN_64_TO_32_BIT_CONVERSION = YES;
				GCC_WARN_ABOUT_RETURN_TYPE = YES_ERROR;
				GCC_WARN_UNDECLARED_SELECTOR = YES;
				GCC_WARN_UNINITIALIZED_AUTOS = YES_AGGRESSIVE;
				GCC_WARN_UNUSED_FUNCTION = YES;
				GCC_WARN_UNUSED_VARIABLE = YES;
				IPHONEOS_DEPLOYMENT_TARGET = 11.4;
				MTL_ENABLE_DEBUG_INFO = YES;
				ONLY_ACTIVE_ARCH = YES;
				SDKROOT = iphoneos;
				SWIFT_ACTIVE_COMPILATION_CONDITIONS = DEBUG;
				SWIFT_OPTIMIZATION_LEVEL = "-Onone";
			};
			name = Debug;
		};
		2B14D53C2132E2B800181629 /* Release */ = {
			isa = XCBuildConfiguration;
			buildSettings = {
				ALWAYS_SEARCH_USER_PATHS = NO;
				CLANG_ANALYZER_NONNULL = YES;
				CLANG_ANALYZER_NUMBER_OBJECT_CONVERSION = YES_AGGRESSIVE;
				CLANG_CXX_LANGUAGE_STANDARD = "gnu++14";
				CLANG_CXX_LIBRARY = "libc++";
				CLANG_ENABLE_MODULES = YES;
				CLANG_ENABLE_OBJC_ARC = YES;
				CLANG_ENABLE_OBJC_WEAK = YES;
				CLANG_WARN_BLOCK_CAPTURE_AUTORELEASING = YES;
				CLANG_WARN_BOOL_CONVERSION = YES;
				CLANG_WARN_COMMA = YES;
				CLANG_WARN_CONSTANT_CONVERSION = YES;
				CLANG_WARN_DEPRECATED_OBJC_IMPLEMENTATIONS = YES;
				CLANG_WARN_DIRECT_OBJC_ISA_USAGE = YES_ERROR;
				CLANG_WARN_DOCUMENTATION_COMMENTS = YES;
				CLANG_WARN_EMPTY_BODY = YES;
				CLANG_WARN_ENUM_CONVERSION = YES;
				CLANG_WARN_INFINITE_RECURSION = YES;
				CLANG_WARN_INT_CONVERSION = YES;
				CLANG_WARN_NON_LITERAL_NULL_CONVERSION = YES;
				CLANG_WARN_OBJC_IMPLICIT_RETAIN_SELF = YES;
				CLANG_WARN_OBJC_LITERAL_CONVERSION = YES;
				CLANG_WARN_OBJC_ROOT_CLASS = YES_ERROR;
				CLANG_WARN_RANGE_LOOP_ANALYSIS = YES;
				CLANG_WARN_STRICT_PROTOTYPES = YES;
				CLANG_WARN_SUSPICIOUS_MOVE = YES;
				CLANG_WARN_UNGUARDED_AVAILABILITY = YES_AGGRESSIVE;
				CLANG_WARN_UNREACHABLE_CODE = YES;
				CLANG_WARN__DUPLICATE_METHOD_MATCH = YES;
				CODE_SIGN_IDENTITY = "iPhone Developer";
				COPY_PHASE_STRIP = NO;
				DEBUG_INFORMATION_FORMAT = "dwarf-with-dsym";
				ENABLE_NS_ASSERTIONS = NO;
				ENABLE_STRICT_OBJC_MSGSEND = YES;
				GCC_C_LANGUAGE_STANDARD = gnu11;
				GCC_NO_COMMON_BLOCKS = YES;
				GCC_WARN_64_TO_32_BIT_CONVERSION = YES;
				GCC_WARN_ABOUT_RETURN_TYPE = YES_ERROR;
				GCC_WARN_UNDECLARED_SELECTOR = YES;
				GCC_WARN_UNINITIALIZED_AUTOS = YES_AGGRESSIVE;
				GCC_WARN_UNUSED_FUNCTION = YES;
				GCC_WARN_UNUSED_VARIABLE = YES;
				IPHONEOS_DEPLOYMENT_TARGET = 11.4;
				MTL_ENABLE_DEBUG_INFO = NO;
				SDKROOT = iphoneos;
				SWIFT_COMPILATION_MODE = wholemodule;
				SWIFT_OPTIMIZATION_LEVEL = "-O";
				VALIDATE_PRODUCT = YES;
			};
			name = Release;
		};
		2B14D53E2132E2B800181629 /* Debug */ = {
			isa = XCBuildConfiguration;
			buildSettings = {
				ASSETCATALOG_COMPILER_LAUNCHIMAGE_NAME = LaunchImage;
				CODE_SIGN_STYLE = Automatic;
				DEVELOPMENT_TEAM = R3F22UC8DK;
				INFOPLIST_FILE = ToPisoX/Info.plist;
				LD_RUNPATH_SEARCH_PATHS = (
					"$(inherited)",
					"@executable_path/Frameworks",
				);
				PRODUCT_BUNDLE_IDENTIFIER = "private-pachie.ToPisoX";
				PRODUCT_NAME = "$(TARGET_NAME)";
				SWIFT_VERSION = 4.0;
				TARGETED_DEVICE_FAMILY = "1,2";
			};
			name = Debug;
		};
		2B14D53F2132E2B800181629 /* Release */ = {
			isa = XCBuildConfiguration;
			buildSettings = {
				ASSETCATALOG_COMPILER_LAUNCHIMAGE_NAME = LaunchImage;
				CODE_SIGN_STYLE = Automatic;
				DEVELOPMENT_TEAM = R3F22UC8DK;
				INFOPLIST_FILE = ToPisoX/Info.plist;
				LD_RUNPATH_SEARCH_PATHS = (
					"$(inherited)",
					"@executable_path/Frameworks",
				);
				PRODUCT_BUNDLE_IDENTIFIER = "private-pachie.ToPisoX";
				PRODUCT_NAME = "$(TARGET_NAME)";
				SWIFT_VERSION = 4.0;
				TARGETED_DEVICE_FAMILY = "1,2";
			};
			name = Release;
		};
/* End XCBuildConfiguration section */

/* Begin XCConfigurationList section */
		2B14D5262132E2B500181629 /* Build configuration list for PBXProject "ToPisoX" */ = {
			isa = XCConfigurationList;
			buildConfigurations = (
				2B14D53B2132E2B800181629 /* Debug */,
				2B14D53C2132E2B800181629 /* Release */,
			);
			defaultConfigurationIsVisible = 0;
			defaultConfigurationName = Release;
		};
		2B14D53D2132E2B800181629 /* Build configuration list for PBXNativeTarget "ToPisoX" */ = {
			isa = XCConfigurationList;
			buildConfigurations = (
				2B14D53E2132E2B800181629 /* Debug */,
				2B14D53F2132E2B800181629 /* Release */,
			);
			defaultConfigurationIsVisible = 0;
			defaultConfigurationName = Release;
		};
/* End XCConfigurationList section */
	};
	rootObject = 2B14D5232132E2B500181629 /* Project object */;
}
